// !$*UTF8*$!
{
	archiveVersion = 1;
	classes = {
	};
	objectVersion = 56;
	objects = {

/* Begin PBXBuildFile section */
		5B91DEA329102AF500759230 /* player.jpeg in Resources */ = {isa = PBXBuildFile; fileRef = 5B91DEA229102AF500759230 /* player.jpeg */; };
		5B91DEA529102B1200759230 /* recents.jpeg in Resources */ = {isa = PBXBuildFile; fileRef = 5B91DEA429102B1100759230 /* recents.jpeg */; };
		765653CB298B29390090A893 /* Huskie Radio Header (Transparent).jpg in Resources */ = {isa = PBXBuildFile; fileRef = 765653CA298B29390090A893 /* Huskie Radio Header (Transparent).jpg */; };
		8DC4E6F52950F1B200E41823 /* SongHistoryViewController.swift in Sources */ = {isa = PBXBuildFile; fileRef = 8DC4E6F42950F1B200E41823 /* SongHistoryViewController.swift */; };
		8DF43BD9293FB0FA003787DA /* Song.swift in Sources */ = {isa = PBXBuildFile; fileRef = 8DF43BD8293FB0FA003787DA /* Song.swift */; };
		F621AA3B290C75AA0073D6E7 /* AppDelegate.swift in Sources */ = {isa = PBXBuildFile; fileRef = F621AA3A290C75AA0073D6E7 /* AppDelegate.swift */; };
		F621AA3D290C75AA0073D6E7 /* SceneDelegate.swift in Sources */ = {isa = PBXBuildFile; fileRef = F621AA3C290C75AA0073D6E7 /* SceneDelegate.swift */; };
		F621AA3F290C75AA0073D6E7 /* ViewController.swift in Sources */ = {isa = PBXBuildFile; fileRef = F621AA3E290C75AA0073D6E7 /* ViewController.swift */; };
		F621AA42290C75AA0073D6E7 /* Main.storyboard in Resources */ = {isa = PBXBuildFile; fileRef = F621AA40290C75AA0073D6E7 /* Main.storyboard */; };
		F621AA44290C75AB0073D6E7 /* Assets.xcassets in Resources */ = {isa = PBXBuildFile; fileRef = F621AA43290C75AB0073D6E7 /* Assets.xcassets */; };
		F621AA47290C75AB0073D6E7 /* LaunchScreen.storyboard in Resources */ = {isa = PBXBuildFile; fileRef = F621AA45290C75AB0073D6E7 /* LaunchScreen.storyboard */; };
/* End PBXBuildFile section */

/* Begin PBXFileReference section */
		5B91DEA229102AF500759230 /* player.jpeg */ = {isa = PBXFileReference; lastKnownFileType = image.jpeg; path = player.jpeg; sourceTree = "<group>"; };
		5B91DEA429102B1100759230 /* recents.jpeg */ = {isa = PBXFileReference; lastKnownFileType = image.jpeg; path = recents.jpeg; sourceTree = "<group>"; };
		765653CA298B29390090A893 /* Huskie Radio Header (Transparent).jpg */ = {isa = PBXFileReference; lastKnownFileType = image.jpeg; path = "Huskie Radio Header (Transparent).jpg"; sourceTree = "<group>"; };
		8DC4E6F42950F1B200E41823 /* SongHistoryViewController.swift */ = {isa = PBXFileReference; lastKnownFileType = sourcecode.swift; path = SongHistoryViewController.swift; sourceTree = "<group>"; };
		8DF43BD8293FB0FA003787DA /* Song.swift */ = {isa = PBXFileReference; lastKnownFileType = sourcecode.swift; path = Song.swift; sourceTree = "<group>"; };
		F621AA37290C75AA0073D6E7 /* HuskieRadio.app */ = {isa = PBXFileReference; explicitFileType = wrapper.application; includeInIndex = 0; path = HuskieRadio.app; sourceTree = BUILT_PRODUCTS_DIR; };
		F621AA3A290C75AA0073D6E7 /* AppDelegate.swift */ = {isa = PBXFileReference; lastKnownFileType = sourcecode.swift; path = AppDelegate.swift; sourceTree = "<group>"; };
		F621AA3C290C75AA0073D6E7 /* SceneDelegate.swift */ = {isa = PBXFileReference; lastKnownFileType = sourcecode.swift; path = SceneDelegate.swift; sourceTree = "<group>"; };
		F621AA3E290C75AA0073D6E7 /* ViewController.swift */ = {isa = PBXFileReference; lastKnownFileType = sourcecode.swift; path = ViewController.swift; sourceTree = "<group>"; };
		F621AA41290C75AA0073D6E7 /* Base */ = {isa = PBXFileReference; lastKnownFileType = file.storyboard; name = Base; path = Base.lproj/Main.storyboard; sourceTree = "<group>"; };
		F621AA43290C75AB0073D6E7 /* Assets.xcassets */ = {isa = PBXFileReference; lastKnownFileType = folder.assetcatalog; path = Assets.xcassets; sourceTree = "<group>"; };
		F621AA46290C75AB0073D6E7 /* Base */ = {isa = PBXFileReference; lastKnownFileType = file.storyboard; name = Base; path = Base.lproj/LaunchScreen.storyboard; sourceTree = "<group>"; };
		F621AA48290C75AB0073D6E7 /* Info.plist */ = {isa = PBXFileReference; lastKnownFileType = text.plist.xml; path = Info.plist; sourceTree = "<group>"; };
/* End PBXFileReference section */

/* Begin PBXFrameworksBuildPhase section */
		F621AA34290C75AA0073D6E7 /* Frameworks */ = {
			isa = PBXFrameworksBuildPhase;
			buildActionMask = 2147483647;
			files = (
			);
			runOnlyForDeploymentPostprocessing = 0;
		};
/* End PBXFrameworksBuildPhase section */

/* Begin PBXGroup section */
		F621AA2E290C75AA0073D6E7 = {
			isa = PBXGroup;
			children = (
				F621AA39290C75AA0073D6E7 /* HuskieRadio */,
				F621AA38290C75AA0073D6E7 /* Products */,
			);
			sourceTree = "<group>";
		};
		F621AA38290C75AA0073D6E7 /* Products */ = {
			isa = PBXGroup;
			children = (
				F621AA37290C75AA0073D6E7 /* HuskieRadio.app */,
			);
			name = Products;
			sourceTree = "<group>";
		};
		F621AA39290C75AA0073D6E7 /* HuskieRadio */ = {
			isa = PBXGroup;
			children = (
				F621AA3A290C75AA0073D6E7 /* AppDelegate.swift */,
				F621AA3C290C75AA0073D6E7 /* SceneDelegate.swift */,
				8DF43BD8293FB0FA003787DA /* Song.swift */,
				F621AA3E290C75AA0073D6E7 /* ViewController.swift */,
				8DC4E6F42950F1B200E41823 /* SongHistoryViewController.swift */,
				F621AA43290C75AB0073D6E7 /* Assets.xcassets */,
				F621AA40290C75AA0073D6E7 /* Main.storyboard */,
				F621AA45290C75AB0073D6E7 /* LaunchScreen.storyboard */,
				F621AA48290C75AB0073D6E7 /* Info.plist */,
				5B91DEA229102AF500759230 /* player.jpeg */,
				5B91DEA429102B1100759230 /* recents.jpeg */,
				765653CA298B29390090A893 /* Huskie Radio Header (Transparent).jpg */,
			);
			path = HuskieRadio;
			sourceTree = "<group>";
		};
/* End PBXGroup section */

/* Begin PBXNativeTarget section */
		F621AA36290C75AA0073D6E7 /* HuskieRadio */ = {
			isa = PBXNativeTarget;
			buildConfigurationList = F621AA4B290C75AB0073D6E7 /* Build configuration list for PBXNativeTarget "HuskieRadio" */;
			buildPhases = (
				F621AA33290C75AA0073D6E7 /* Sources */,
				F621AA34290C75AA0073D6E7 /* Frameworks */,
				F621AA35290C75AA0073D6E7 /* Resources */,
			);
			buildRules = (
			);
			dependencies = (
			);
			name = HuskieRadio;
			productName = HuskieRadio;
			productReference = F621AA37290C75AA0073D6E7 /* HuskieRadio.app */;
			productType = "com.apple.product-type.application";
		};
/* End PBXNativeTarget section */

/* Begin PBXProject section */
		F621AA2F290C75AA0073D6E7 /* Project object */ = {
			isa = PBXProject;
			attributes = {
				BuildIndependentTargetsInParallel = 1;
				LastSwiftUpdateCheck = 1400;
				LastUpgradeCheck = 1400;
				TargetAttributes = {
					F621AA36290C75AA0073D6E7 = {
						CreatedOnToolsVersion = 14.0.1;
					};
				};
			};
			buildConfigurationList = F621AA32290C75AA0073D6E7 /* Build configuration list for PBXProject "HuskieRadio" */;
			compatibilityVersion = "Xcode 14.0";
			developmentRegion = en;
			hasScannedForEncodings = 0;
			knownRegions = (
				en,
				Base,
			);
			mainGroup = F621AA2E290C75AA0073D6E7;
			productRefGroup = F621AA38290C75AA0073D6E7 /* Products */;
			projectDirPath = "";
			projectRoot = "";
			targets = (
				F621AA36290C75AA0073D6E7 /* HuskieRadio */,
			);
		};
/* End PBXProject section */

/* Begin PBXResourcesBuildPhase section */
		F621AA35290C75AA0073D6E7 /* Resources */ = {
			isa = PBXResourcesBuildPhase;
			buildActionMask = 2147483647;
			files = (
				5B91DEA529102B1200759230 /* recents.jpeg in Resources */,
				F621AA47290C75AB0073D6E7 /* LaunchScreen.storyboard in Resources */,
				765653CB298B29390090A893 /* Huskie Radio Header (Transparent).jpg in Resources */,
				F621AA44290C75AB0073D6E7 /* Assets.xcassets in Resources */,
				F621AA42290C75AA0073D6E7 /* Main.storyboard in Resources */,
				5B91DEA329102AF500759230 /* player.jpeg in Resources */,
			);
			runOnlyForDeploymentPostprocessing = 0;
		};
/* End PBXResourcesBuildPhase section */

/* Begin PBXSourcesBuildPhase section */
		F621AA33290C75AA0073D6E7 /* Sources */ = {
			isa = PBXSourcesBuildPhase;
			buildActionMask = 2147483647;
			files = (
				8DC4E6F52950F1B200E41823 /* SongHistoryViewController.swift in Sources */,
				8DF43BD9293FB0FA003787DA /* Song.swift in Sources */,
				F621AA3F290C75AA0073D6E7 /* ViewController.swift in Sources */,
				F621AA3B290C75AA0073D6E7 /* AppDelegate.swift in Sources */,
				F621AA3D290C75AA0073D6E7 /* SceneDelegate.swift in Sources */,
			);
			runOnlyForDeploymentPostprocessing = 0;
		};
/* End PBXSourcesBuildPhase section */

/* Begin PBXVariantGroup section */
		F621AA40290C75AA0073D6E7 /* Main.storyboard */ = {
			isa = PBXVariantGroup;
			children = (
				F621AA41290C75AA0073D6E7 /* Base */,
			);
			name = Main.storyboard;
			sourceTree = "<group>";
		};
		F621AA45290C75AB0073D6E7 /* LaunchScreen.storyboard */ = {
			isa = PBXVariantGroup;
			children = (
				F621AA46290C75AB0073D6E7 /* Base */,
			);
			name = LaunchScreen.storyboard;
			sourceTree = "<group>";
		};
/* End PBXVariantGroup section */

/* Begin XCBuildConfiguration section */
		F621AA49290C75AB0073D6E7 /* Debug */ = {
			isa = XCBuildConfiguration;
			buildSettings = {
				ALWAYS_SEARCH_USER_PATHS = NO;
				CLANG_ANALYZER_NONNULL = YES;
				CLANG_ANALYZER_NUMBER_OBJECT_CONVERSION = YES_AGGRESSIVE;
				CLANG_CXX_LANGUAGE_STANDARD = "gnu++20";
				CLANG_ENABLE_MODULES = YES;
				CLANG_ENABLE_OBJC_ARC = YES;
				CLANG_ENABLE_OBJC_WEAK = YES;
				CLANG_WARN_BLOCK_CAPTURE_AUTORELEASING = YES;
				CLANG_WARN_BOOL_CONVERSION = YES;
				CLANG_WARN_COMMA = YES;
				CLANG_WARN_CONSTANT_CONVERSION = YES;
				CLANG_WARN_DEPRECATED_OBJC_IMPLEMENTATIONS = YES;
				CLANG_WARN_DIRECT_OBJC_ISA_USAGE = YES_ERROR;
				CLANG_WARN_DOCUMENTATION_COMMENTS = YES;
				CLANG_WARN_EMPTY_BODY = YES;
				CLANG_WARN_ENUM_CONVERSION = YES;
				CLANG_WARN_INFINITE_RECURSION = YES;
				CLANG_WARN_INT_CONVERSION = YES;
				CLANG_WARN_NON_LITERAL_NULL_CONVERSION = YES;
				CLANG_WARN_OBJC_IMPLICIT_RETAIN_SELF = YES;
				CLANG_WARN_OBJC_LITERAL_CONVERSION = YES;
				CLANG_WARN_OBJC_ROOT_CLASS = YES_ERROR;
				CLANG_WARN_QUOTED_INCLUDE_IN_FRAMEWORK_HEADER = YES;
				CLANG_WARN_RANGE_LOOP_ANALYSIS = YES;
				CLANG_WARN_STRICT_PROTOTYPES = YES;
				CLANG_WARN_SUSPICIOUS_MOVE = YES;
				CLANG_WARN_UNGUARDED_AVAILABILITY = YES_AGGRESSIVE;
				CLANG_WARN_UNREACHABLE_CODE = YES;
				CLANG_WARN__DUPLICATE_METHOD_MATCH = YES;
				COPY_PHASE_STRIP = NO;
				DEBUG_INFORMATION_FORMAT = dwarf;
				ENABLE_STRICT_OBJC_MSGSEND = YES;
				ENABLE_TESTABILITY = YES;
				GCC_C_LANGUAGE_STANDARD = gnu11;
				GCC_DYNAMIC_NO_PIC = NO;
				GCC_NO_COMMON_BLOCKS = YES;
				GCC_OPTIMIZATION_LEVEL = 0;
				GCC_PREPROCESSOR_DEFINITIONS = (
					"DEBUG=1",
					"$(inherited)",
				);
				GCC_WARN_64_TO_32_BIT_CONVERSION = YES;
				GCC_WARN_ABOUT_RETURN_TYPE = YES_ERROR;
				GCC_WARN_UNDECLARED_SELECTOR = YES;
				GCC_WARN_UNINITIALIZED_AUTOS = YES_AGGRESSIVE;
				GCC_WARN_UNUSED_FUNCTION = YES;
				GCC_WARN_UNUSED_VARIABLE = YES;
				IPHONEOS_DEPLOYMENT_TARGET = 16.0;
				MTL_ENABLE_DEBUG_INFO = INCLUDE_SOURCE;
				MTL_FAST_MATH = YES;
				ONLY_ACTIVE_ARCH = YES;
				SDKROOT = iphoneos;
				SWIFT_ACTIVE_COMPILATION_CONDITIONS = DEBUG;
				SWIFT_OPTIMIZATION_LEVEL = "-Onone";
			};
			name = Debug;
		};
		F621AA4A290C75AB0073D6E7 /* Release */ = {
			isa = XCBuildConfiguration;
			buildSettings = {
				ALWAYS_SEARCH_USER_PATHS = NO;
				CLANG_ANALYZER_NONNULL = YES;
				CLANG_ANALYZER_NUMBER_OBJECT_CONVERSION = YES_AGGRESSIVE;
				CLANG_CXX_LANGUAGE_STANDARD = "gnu++20";
				CLANG_ENABLE_MODULES = YES;
				CLANG_ENABLE_OBJC_ARC = YES;
				CLANG_ENABLE_OBJC_WEAK = YES;
				CLANG_WARN_BLOCK_CAPTURE_AUTORELEASING = YES;
				CLANG_WARN_BOOL_CONVERSION = YES;
				CLANG_WARN_COMMA = YES;
				CLANG_WARN_CONSTANT_CONVERSION = YES;
				CLANG_WARN_DEPRECATED_OBJC_IMPLEMENTATIONS = YES;
				CLANG_WARN_DIRECT_OBJC_ISA_USAGE = YES_ERROR;
				CLANG_WARN_DOCUMENTATION_COMMENTS = YES;
				CLANG_WARN_EMPTY_BODY = YES;
				CLANG_WARN_ENUM_CONVERSION = YES;
				CLANG_WARN_INFINITE_RECURSION = YES;
				CLANG_WARN_INT_CONVERSION = YES;
				CLANG_WARN_NON_LITERAL_NULL_CONVERSION = YES;
				CLANG_WARN_OBJC_IMPLICIT_RETAIN_SELF = YES;
				CLANG_WARN_OBJC_LITERAL_CONVERSION = YES;
				CLANG_WARN_OBJC_ROOT_CLASS = YES_ERROR;
				CLANG_WARN_QUOTED_INCLUDE_IN_FRAMEWORK_HEADER = YES;
				CLANG_WARN_RANGE_LOOP_ANALYSIS = YES;
				CLANG_WARN_STRICT_PROTOTYPES = YES;
				CLANG_WARN_SUSPICIOUS_MOVE = YES;
				CLANG_WARN_UNGUARDED_AVAILABILITY = YES_AGGRESSIVE;
				CLANG_WARN_UNREACHABLE_CODE = YES;
				CLANG_WARN__DUPLICATE_METHOD_MATCH = YES;
				COPY_PHASE_STRIP = NO;
				DEBUG_INFORMATION_FORMAT = "dwarf-with-dsym";
				ENABLE_NS_ASSERTIONS = NO;
				ENABLE_STRICT_OBJC_MSGSEND = YES;
				GCC_C_LANGUAGE_STANDARD = gnu11;
				GCC_NO_COMMON_BLOCKS = YES;
				GCC_WARN_64_TO_32_BIT_CONVERSION = YES;
				GCC_WARN_ABOUT_RETURN_TYPE = YES_ERROR;
				GCC_WARN_UNDECLARED_SELECTOR = YES;
				GCC_WARN_UNINITIALIZED_AUTOS = YES_AGGRESSIVE;
				GCC_WARN_UNUSED_FUNCTION = YES;
				GCC_WARN_UNUSED_VARIABLE = YES;
				IPHONEOS_DEPLOYMENT_TARGET = 16.0;
				MTL_ENABLE_DEBUG_INFO = NO;
				MTL_FAST_MATH = YES;
				SDKROOT = iphoneos;
				SWIFT_COMPILATION_MODE = wholemodule;
				SWIFT_OPTIMIZATION_LEVEL = "-O";
				VALIDATE_PRODUCT = YES;
			};
			name = Release;
		};
		F621AA4C290C75AB0073D6E7 /* Debug */ = {
			isa = XCBuildConfiguration;
			buildSettings = {
				ASSETCATALOG_COMPILER_APPICON_NAME = AppIcon;
				ASSETCATALOG_COMPILER_GLOBAL_ACCENT_COLOR_NAME = AccentColor;
				CODE_SIGN_STYLE = Automatic;
				CURRENT_PROJECT_VERSION = 1;
				DEVELOPMENT_TEAM = G4SNGLLV4M;
				GENERATE_INFOPLIST_FILE = YES;
				INFOPLIST_FILE = HuskieRadio/Info.plist;
				INFOPLIST_KEY_UIApplicationSupportsIndirectInputEvents = YES;
				INFOPLIST_KEY_UILaunchStoryboardName = LaunchScreen.storyboard;
				INFOPLIST_KEY_UIMainStoryboardFile = Main;
				INFOPLIST_KEY_UIStatusBarStyle = "";
				INFOPLIST_KEY_UISupportedInterfaceOrientations_iPad = "UIInterfaceOrientationPortrait UIInterfaceOrientationPortraitUpsideDown UIInterfaceOrientationLandscapeLeft UIInterfaceOrientationLandscapeRight";
				INFOPLIST_KEY_UISupportedInterfaceOrientations_iPhone = "UIInterfaceOrientationPortrait UIInterfaceOrientationLandscapeLeft UIInterfaceOrientationLandscapeRight";
				LD_RUNPATH_SEARCH_PATHS = (
					"$(inherited)",
					"@executable_path/Frameworks",
				);
				MARKETING_VERSION = 1.0;
				PRODUCT_BUNDLE_IDENTIFIER = org.jhhs.624090.HuskieRadio;
				PRODUCT_NAME = "$(TARGET_NAME)";
				SWIFT_EMIT_LOC_STRINGS = YES;
				SWIFT_VERSION = 5.0;
				TARGETED_DEVICE_FAMILY = "1,2";
			};
			name = Debug;
		};
		F621AA4D290C75AB0073D6E7 /* Release */ = {
			isa = XCBuildConfiguration;
			buildSettings = {
				ASSETCATALOG_COMPILER_APPICON_NAME = AppIcon;
				ASSETCATALOG_COMPILER_GLOBAL_ACCENT_COLOR_NAME = AccentColor;
				CODE_SIGN_STYLE = Automatic;
				CURRENT_PROJECT_VERSION = 1;
				DEVELOPMENT_TEAM = G4SNGLLV4M;
				GENERATE_INFOPLIST_FILE = YES;
				INFOPLIST_FILE = HuskieRadio/Info.plist;
				INFOPLIST_KEY_UIApplicationSupportsIndirectInputEvents = YES;
				INFOPLIST_KEY_UILaunchStoryboardName = LaunchScreen.storyboard;
				INFOPLIST_KEY_UIMainStoryboardFile = Main;
				INFOPLIST_KEY_UIStatusBarStyle = "";
				INFOPLIST_KEY_UISupportedInterfaceOrientations_iPad = "UIInterfaceOrientationPortrait UIInterfaceOrientationPortraitUpsideDown UIInterfaceOrientationLandscapeLeft UIInterfaceOrientationLandscapeRight";
				INFOPLIST_KEY_UISupportedInterfaceOrientations_iPhone = "UIInterfaceOrientationPortrait UIInterfaceOrientationLandscapeLeft UIInterfaceOrientationLandscapeRight";
				LD_RUNPATH_SEARCH_PATHS = (
					"$(inherited)",
					"@executable_path/Frameworks",
				);
				MARKETING_VERSION = 1.0;
				PRODUCT_BUNDLE_IDENTIFIER = org.jhhs.624090.HuskieRadio;
				PRODUCT_NAME = "$(TARGET_NAME)";
				SWIFT_EMIT_LOC_STRINGS = YES;
				SWIFT_VERSION = 5.0;
				TARGETED_DEVICE_FAMILY = "1,2";
			};
			name = Release;
		};
/* End XCBuildConfiguration section */

/* Begin XCConfigurationList section */
		F621AA32290C75AA0073D6E7 /* Build configuration list for PBXProject "HuskieRadio" */ = {
			isa = XCConfigurationList;
			buildConfigurations = (
				F621AA49290C75AB0073D6E7 /* Debug */,
				F621AA4A290C75AB0073D6E7 /* Release */,
			);
			defaultConfigurationIsVisible = 0;
			defaultConfigurationName = Release;
		};
		F621AA4B290C75AB0073D6E7 /* Build configuration list for PBXNativeTarget "HuskieRadio" */ = {
			isa = XCConfigurationList;
			buildConfigurations = (
				F621AA4C290C75AB0073D6E7 /* Debug */,
				F621AA4D290C75AB0073D6E7 /* Release */,
			);
			defaultConfigurationIsVisible = 0;
			defaultConfigurationName = Release;
		};
/* End XCConfigurationList section */
	};
	rootObject = F621AA2F290C75AA0073D6E7 /* Project object */;
}
